
Microsoft Visual Studio Solution File, Format Version 12.00
# Visual Studio 14
VisualStudioVersion = 14.0.25420.1
MinimumVisualStudioVersion = 10.0.40219.1
Project("{FAE04EC0-301F-11D3-BF4B-00C04F79EFBC}") = "BlueToothDesktop", "BlueToothDesktop\BlueToothDesktop.csproj", "{908C512C-621E-4978-92EA-B2D427917ED7}"
EndProject
Project("{FAE04EC0-301F-11D3-BF4B-00C04F79EFBC}") = "BlueToothDummyClient", "BlueToothDummyClient\BlueToothDummyClient.csproj", "{6C4DFE3A-BC62-485A-800C-E90FDCDFE6DC}"
EndProject
Project("{FAE04EC0-301F-11D3-BF4B-00C04F79EFBC}") = "GamePad", "GamePad\GamePad.csproj", "{81A6CE13-8A50-4D32-85D9-DC6A2BB7E1DC}"
EndProject
Global
	GlobalSection(SolutionConfigurationPlatforms) = preSolution
		Debug|Any CPU = Debug|Any CPU
		Release|Any CPU = Release|Any CPU
	EndGlobalSection
	GlobalSection(ProjectConfigurationPlatforms) = postSolution
		{908C512C-621E-4978-92EA-B2D427917ED7}.Debug|Any CPU.ActiveCfg = Debug|Any CPU
		{908C512C-621E-4978-92EA-B2D427917ED7}.Debug|Any CPU.Build.0 = Debug|Any CPU
		{908C512C-621E-4978-92EA-B2D427917ED7}.Release|Any CPU.ActiveCfg = Release|Any CPU
		{908C512C-621E-4978-92EA-B2D427917ED7}.Release|Any CPU.Build.0 = Release|Any CPU
		{6C4DFE3A-BC62-485A-800C-E90FDCDFE6DC}.Debug|Any CPU.ActiveCfg = Debug|Any CPU
		{6C4DFE3A-BC62-485A-800C-E90FDCDFE6DC}.Debug|Any CPU.Build.0 = Debug|Any CPU
		{6C4DFE3A-BC62-485A-800C-E90FDCDFE6DC}.Release|Any CPU.ActiveCfg = Release|Any CPU
		{6C4DFE3A-BC62-485A-800C-E90FDCDFE6DC}.Release|Any CPU.Build.0 = Release|Any CPU
		{81A6CE13-8A50-4D32-85D9-DC6A2BB7E1DC}.Debug|Any CPU.ActiveCfg = Debug|Any CPU
		{81A6CE13-8A50-4D32-85D9-DC6A2BB7E1DC}.Debug|Any CPU.Build.0 = Debug|Any CPU
		{81A6CE13-8A50-4D32-85D9-DC6A2BB7E1DC}.Release|Any CPU.ActiveCfg = Release|Any CPU
		{81A6CE13-8A50-4D32-85D9-DC6A2BB7E1DC}.Release|Any CPU.Build.0 = Release|Any CPU
	EndGlobalSection
	GlobalSection(SolutionProperties) = preSolution
		HideSolutionNode = FALSE
	EndGlobalSection
EndGlobal
